
Microsoft Visual Studio Solution File, Format Version 12.00
# Visual Studio Version 17
VisualStudioVersion = 17.2.32519.379
MinimumVisualStudioVersion = 10.0.40219.1
Project("{9A19103F-16F7-4668-BE54-9A1E7A4F7556}") = "WebApi1", "src\WebApi1\WebApi1.csproj", "{3C862B9D-B0A9-4725-895E-B045B8C112E6}"
EndProject
Project("{2150E333-8FDC-42A3-9474-1A3956D46DE8}") = "src", "src", "{2448F758-EEEA-483C-BD51-2B4BD6648A79}"
EndProject
Project("{2150E333-8FDC-42A3-9474-1A3956D46DE8}") = "tests", "tests", "{A46BB92D-BFD9-4579-8BCB-4E4C65BEDD56}"
EndProject
Project("{9A19103F-16F7-4668-BE54-9A1E7A4F7556}") = "UnitTests", "tests\UnitTests\UnitTests.csproj", "{0515010E-ADA6-4607-9A72-BC602F4C7499}"
EndProject
Project("{E53339B2-1760-4266-BCC7-CA923CBCF16C}") = "docker-compose", "docker-compose.dcproj", "{6081D956-6609-4CAB-8F50-F5ACA31F07F3}"
EndProject
Global
	GlobalSection(SolutionConfigurationPlatforms) = preSolution
		Debug|Any CPU = Debug|Any CPU
		Release|Any CPU = Release|Any CPU
	EndGlobalSection
	GlobalSection(ProjectConfigurationPlatforms) = postSolution
		{3C862B9D-B0A9-4725-895E-B045B8C112E6}.Debug|Any CPU.ActiveCfg = Debug|Any CPU
		{3C862B9D-B0A9-4725-895E-B045B8C112E6}.Debug|Any CPU.Build.0 = Debug|Any CPU
		{3C862B9D-B0A9-4725-895E-B045B8C112E6}.Release|Any CPU.ActiveCfg = Release|Any CPU
		{3C862B9D-B0A9-4725-895E-B045B8C112E6}.Release|Any CPU.Build.0 = Release|Any CPU
		{0515010E-ADA6-4607-9A72-BC602F4C7499}.Debug|Any CPU.ActiveCfg = Debug|Any CPU
		{0515010E-ADA6-4607-9A72-BC602F4C7499}.Debug|Any CPU.Build.0 = Debug|Any CPU
		{0515010E-ADA6-4607-9A72-BC602F4C7499}.Release|Any CPU.ActiveCfg = Release|Any CPU
		{0515010E-ADA6-4607-9A72-BC602F4C7499}.Release|Any CPU.Build.0 = Release|Any CPU
		{6081D956-6609-4CAB-8F50-F5ACA31F07F3}.Debug|Any CPU.ActiveCfg = Debug|Any CPU
		{6081D956-6609-4CAB-8F50-F5ACA31F07F3}.Debug|Any CPU.Build.0 = Debug|Any CPU
		{6081D956-6609-4CAB-8F50-F5ACA31F07F3}.Release|Any CPU.ActiveCfg = Release|Any CPU
		{6081D956-6609-4CAB-8F50-F5ACA31F07F3}.Release|Any CPU.Build.0 = Release|Any CPU
	EndGlobalSection
	GlobalSection(SolutionProperties) = preSolution
		HideSolutionNode = FALSE
	EndGlobalSection
	GlobalSection(NestedProjects) = preSolution
		{3C862B9D-B0A9-4725-895E-B045B8C112E6} = {2448F758-EEEA-483C-BD51-2B4BD6648A79}
		{0515010E-ADA6-4607-9A72-BC602F4C7499} = {A46BB92D-BFD9-4579-8BCB-4E4C65BEDD56}
	EndGlobalSection
	GlobalSection(ExtensibilityGlobals) = postSolution
		SolutionGuid = {82BA1E6D-873B-475C-A2A2-22B76BE1D8FD}
	EndGlobalSection
EndGlobal
